
Microsoft Visual Studio Solution File, Format Version 12.00
# Visual Studio 15
VisualStudioVersion = 15.0.26730.16
MinimumVisualStudioVersion = 10.0.40219.1
Project("{FAE04EC0-301F-11D3-BF4B-00C04F79EFBC}") = "OnlineShop", "OnlineShop\OnlineShop.csproj", "{FA929DEB-F428-4296-97FD-BCA20B860F7A}"
EndProject
Project("{FAE04EC0-301F-11D3-BF4B-00C04F79EFBC}") = "Model", "Model\Model.csproj", "{36237AF1-6A2E-496E-9BD6-5820527CED37}"
EndProject
Global
	GlobalSection(SolutionConfigurationPlatforms) = preSolution
		Debug|Any CPU = Debug|Any CPU
		Release|Any CPU = Release|Any CPU
	EndGlobalSection
	GlobalSection(ProjectConfigurationPlatforms) = postSolution
		{FA929DEB-F428-4296-97FD-BCA20B860F7A}.Debug|Any CPU.ActiveCfg = Debug|Any CPU
		{FA929DEB-F428-4296-97FD-BCA20B860F7A}.Debug|Any CPU.Build.0 = Debug|Any CPU
		{FA929DEB-F428-4296-97FD-BCA20B860F7A}.Release|Any CPU.ActiveCfg = Release|Any CPU
		{FA929DEB-F428-4296-97FD-BCA20B860F7A}.Release|Any CPU.Build.0 = Release|Any CPU
		{36237AF1-6A2E-496E-9BD6-5820527CED37}.Debug|Any CPU.ActiveCfg = Debug|Any CPU
		{36237AF1-6A2E-496E-9BD6-5820527CED37}.Debug|Any CPU.Build.0 = Debug|Any CPU
		{36237AF1-6A2E-496E-9BD6-5820527CED37}.Release|Any CPU.ActiveCfg = Release|Any CPU
		{36237AF1-6A2E-496E-9BD6-5820527CED37}.Release|Any CPU.Build.0 = Release|Any CPU
	EndGlobalSection
	GlobalSection(SolutionProperties) = preSolution
		HideSolutionNode = FALSE
	EndGlobalSection
	GlobalSection(ExtensibilityGlobals) = postSolution
		SolutionGuid = {92F9485E-9F7C-404D-82F9-D4AC350B2587}
	EndGlobalSection
EndGlobal
